// !$*UTF8*$!
{
	archiveVersion = 1;
	classes = {
	};
	objectVersion = 46;
	objects = {

/* Begin PBXBuildFile section */
		1605D08206A2A8AA00AD8634 /* Main.storyboard in Sources */ = {isa = PBXBuildFile; fileRef = 9E4E94ECC12C2732B444089F /* Main.storyboard */; };
		5EB0032C5AA75B949A221070 /* Foundation.framework in Frameworks */ = {isa = PBXBuildFile; fileRef = 7A50526FBCC4CC33FDC36B22 /* Foundation.framework */; };
		822CA761C07A783B7E2B0694 /* LaunchScreen.xib in Sources */ = {isa = PBXBuildFile; fileRef = 2A8CE6DDB39D89F04FDB1D94 /* LaunchScreen.xib */; };
		B0A4D5CE1A8DC1D8006D5DBF /* Common.swift in Sources */ = {isa = PBXBuildFile; fileRef = B0A4D5CD1A8DC1D8006D5DBF /* Common.swift */; };
		B31772E3DB3B0A6E276EE1F1 /* Images.xcassets in Resources */ = {isa = PBXBuildFile; fileRef = B205D013FB6AB817D6F7EA41 /* Images.xcassets */; };
		E0DA4E98C971569E28D908D3 /* AppDelegate.swift in Sources */ = {isa = PBXBuildFile; fileRef = 7E037A2ACF506DA23F40A113 /* AppDelegate.swift */; };
/* End PBXBuildFile section */

/* Begin PBXContainerItemProxy section */
		FF9710DC12C64FECE1A942CB /* PBXContainerItemProxy */ = {
			isa = PBXContainerItemProxy;
			containerPortal = 214DF01E72A977447EE71A60 /* Project object */;
			proxyType = 1;
			remoteGlobalIDString = F19F364853BF7CC622DE7D70;
			remoteInfo = carousel;
		};
/* End PBXContainerItemProxy section */

/* Begin PBXFileReference section */
		2A8CE6DDB39D89F04FDB1D94 /* LaunchScreen.xib */ = {isa = PBXFileReference; includeInIndex = 1; lastKnownFileType = file.xib; path = LaunchScreen.xib; sourceTree = "<group>"; };
		432AA75F58AB965E84BC708D /* UnitTests-Info.plist */ = {isa = PBXFileReference; includeInIndex = 1; lastKnownFileType = text.plist.xml; path = "UnitTests-Info.plist"; sourceTree = "<group>"; };
		5AD87FF673A89421471126F4 /* Info.plist */ = {isa = PBXFileReference; includeInIndex = 1; lastKnownFileType = text.plist.xml; path = Info.plist; sourceTree = "<group>"; };
		7A50526FBCC4CC33FDC36B22 /* Foundation.framework */ = {isa = PBXFileReference; lastKnownFileType = wrapper.framework; name = Foundation.framework; path = Platforms/iPhoneOS.platform/Developer/SDKs/iPhoneOS7.1.sdk/System/Library/Frameworks/Foundation.framework; sourceTree = DEVELOPER_DIR; };
		7E037A2ACF506DA23F40A113 /* AppDelegate.swift */ = {isa = PBXFileReference; includeInIndex = 1; lastKnownFileType = sourcecode.swift; path = AppDelegate.swift; sourceTree = "<group>"; };
		9E4E94ECC12C2732B444089F /* Main.storyboard */ = {isa = PBXFileReference; includeInIndex = 1; lastKnownFileType = file.storyboard; path = Main.storyboard; sourceTree = "<group>"; };
		B0A4D5CD1A8DC1D8006D5DBF /* Common.swift */ = {isa = PBXFileReference; fileEncoding = 4; lastKnownFileType = sourcecode.swift; name = Common.swift; path = ../../Extensions/Common.swift; sourceTree = "<group>"; };
		B205D013FB6AB817D6F7EA41 /* Images.xcassets */ = {isa = PBXFileReference; includeInIndex = 1; lastKnownFileType = folder.assetcatalog; path = Images.xcassets; sourceTree = "<group>"; };
		B88E0838AA88681C2F7D09E3 /* UnitTests.xctest */ = {isa = PBXFileReference; explicitFileType = wrapper.cfbundle; includeInIndex = 0; path = UnitTests.xctest; sourceTree = BUILT_PRODUCTS_DIR; };
		C2132B0C39566E691FAA2BE7 /* carousel.app */ = {isa = PBXFileReference; explicitFileType = wrapper.application; includeInIndex = 0; path = carousel.app; sourceTree = BUILT_PRODUCTS_DIR; };
/* End PBXFileReference section */

/* Begin PBXFrameworksBuildPhase section */
		1070BCD4F8CFA999047E0DBD /* Frameworks */ = {
			isa = PBXFrameworksBuildPhase;
			buildActionMask = 2147483647;
			files = (
			);
			runOnlyForDeploymentPostprocessing = 0;
		};
		AA7479E8BC96D132C4878BBE /* Frameworks */ = {
			isa = PBXFrameworksBuildPhase;
			buildActionMask = 2147483647;
			files = (
				5EB0032C5AA75B949A221070 /* Foundation.framework in Frameworks */,
			);
			runOnlyForDeploymentPostprocessing = 0;
		};
/* End PBXFrameworksBuildPhase section */

/* Begin PBXGroup section */
		0F2596F9E10E3760432ACC83 /* Resources */ = {
			isa = PBXGroup;
			children = (
				432AA75F58AB965E84BC708D /* UnitTests-Info.plist */,
			);
			path = Resources;
			sourceTree = "<group>";
		};
		24558F4D12EE1AA8BDE145A7 /* ViewModels */ = {
			isa = PBXGroup;
			children = (
			);
			path = ViewModels;
			sourceTree = "<group>";
		};
		2FB24BFCE3CCCF407648E995 /* Protocols */ = {
			isa = PBXGroup;
			children = (
			);
			path = Protocols;
			sourceTree = "<group>";
		};
		395687CBA1DEEB2DCE2529C1 /* Storyboards */ = {
			isa = PBXGroup;
			children = (
				9E4E94ECC12C2732B444089F /* Main.storyboard */,
			);
			path = Storyboards;
			sourceTree = "<group>";
		};
		43AF3F5DEDEEBC12B18962D6 = {
			isa = PBXGroup;
			children = (
				8F4557700289CAC3D5EE19FD /* carousel */,
				9FA39BF4003217EABC617E4C /* UnitTests */,
				810AA891E15688076FC6FEA1 /* Frameworks */,
				89A462943FE725E080E56B60 /* Products */,
			);
			indentWidth = 4;
			sourceTree = "<group>";
			tabWidth = 4;
			usesTabs = 0;
		};
		4C2F92EE6FD1036484AE3007 /* Models */ = {
			isa = PBXGroup;
			children = (
			);
			path = Models;
			sourceTree = "<group>";
		};
		51E75B3CC60A4E243C8D66D1 /* Resources */ = {
			isa = PBXGroup;
			children = (
				B205D013FB6AB817D6F7EA41 /* Images.xcassets */,
				395687CBA1DEEB2DCE2529C1 /* Storyboards */,
				6933CAB355C0F04CA04A4CAC /* Nibs */,
				8359E1BE4BCF7994D8D8B97F /* Other-Sources */,
			);
			path = Resources;
			sourceTree = "<group>";
		};
		5634EA18259F8E25F7205051 /* Views */ = {
			isa = PBXGroup;
			children = (
			);
			path = Views;
			sourceTree = "<group>";
		};
		6185742CB2A63531DCCF4505 /* iOS */ = {
			isa = PBXGroup;
			children = (
				7A50526FBCC4CC33FDC36B22 /* Foundation.framework */,
			);
			name = iOS;
			sourceTree = "<group>";
		};
		6933CAB355C0F04CA04A4CAC /* Nibs */ = {
			isa = PBXGroup;
			children = (
				2A8CE6DDB39D89F04FDB1D94 /* LaunchScreen.xib */,
			);
			path = Nibs;
			sourceTree = "<group>";
		};
		810AA891E15688076FC6FEA1 /* Frameworks */ = {
			isa = PBXGroup;
			children = (
				6185742CB2A63531DCCF4505 /* iOS */,
			);
			name = Frameworks;
			sourceTree = "<group>";
		};
		8359E1BE4BCF7994D8D8B97F /* Other-Sources */ = {
			isa = PBXGroup;
			children = (
				B0A4D5CD1A8DC1D8006D5DBF /* Common.swift */,
				5AD87FF673A89421471126F4 /* Info.plist */,
			);
			path = "Other-Sources";
			sourceTree = "<group>";
		};
		89A462943FE725E080E56B60 /* Products */ = {
			isa = PBXGroup;
			children = (
				C2132B0C39566E691FAA2BE7 /* carousel.app */,
				B88E0838AA88681C2F7D09E3 /* UnitTests.xctest */,
			);
			name = Products;
			sourceTree = "<group>";
		};
		8F4557700289CAC3D5EE19FD /* carousel */ = {
			isa = PBXGroup;
			children = (
				F492D01864D18B87BFF3B21D /* Extensions */,
				2FB24BFCE3CCCF407648E995 /* Protocols */,
				4C2F92EE6FD1036484AE3007 /* Models */,
				24558F4D12EE1AA8BDE145A7 /* ViewModels */,
				C34942E8B05EEE0F4CB2CBA6 /* Controllers */,
				5634EA18259F8E25F7205051 /* Views */,
				51E75B3CC60A4E243C8D66D1 /* Resources */,
			);
			path = carousel;
			sourceTree = "<group>";
		};
		9FA39BF4003217EABC617E4C /* UnitTests */ = {
			isa = PBXGroup;
			children = (
				0F2596F9E10E3760432ACC83 /* Resources */,
				F35364DFD087551E6339E5BE /* Helpers */,
				C219D788A40FF1D634CAE275 /* Tests */,
			);
			path = UnitTests;
			sourceTree = "<group>";
		};
		C219D788A40FF1D634CAE275 /* Tests */ = {
			isa = PBXGroup;
			children = (
			);
			path = Tests;
			sourceTree = "<group>";
		};
		C34942E8B05EEE0F4CB2CBA6 /* Controllers */ = {
			isa = PBXGroup;
			children = (
				7E037A2ACF506DA23F40A113 /* AppDelegate.swift */,
			);
			path = Controllers;
			sourceTree = "<group>";
		};
		F35364DFD087551E6339E5BE /* Helpers */ = {
			isa = PBXGroup;
			children = (
			);
			path = Helpers;
			sourceTree = "<group>";
		};
		F492D01864D18B87BFF3B21D /* Extensions */ = {
			isa = PBXGroup;
			children = (
			);
			path = Extensions;
			sourceTree = "<group>";
		};
/* End PBXGroup section */

/* Begin PBXNativeTarget section */
		12AD4C2E2CCC299615714D4E /* UnitTests */ = {
			isa = PBXNativeTarget;
			buildConfigurationList = 0ECEA453DC94A3CBB1C1E0D3 /* Build configuration list for PBXNativeTarget "UnitTests" */;
			buildPhases = (
				3B5789649DB1BC8C283F05F0 /* Sources */,
				1070BCD4F8CFA999047E0DBD /* Frameworks */,
				49C49D705776A433F2B9559A /* Resources */,
			);
			buildRules = (
			);
			dependencies = (
				1BF315A742B5B2C88910AA1C /* PBXTargetDependency */,
			);
			name = UnitTests;
			productName = UnitTests;
			productReference = B88E0838AA88681C2F7D09E3 /* UnitTests.xctest */;
			productType = "com.apple.product-type.bundle.unit-test";
		};
		F19F364853BF7CC622DE7D70 /* carousel */ = {
			isa = PBXNativeTarget;
			buildConfigurationList = 70E48BC8063C97E052937159 /* Build configuration list for PBXNativeTarget "carousel" */;
			buildPhases = (
				C28F95CBB2464767393A347F /* Sources */,
				AA7479E8BC96D132C4878BBE /* Frameworks */,
				E211E75712B670D0598BA772 /* Resources */,
				4837A5828FBA9D11DC112FC3 /* Warn for TODO and FIXME comments */,
			);
			buildRules = (
			);
			dependencies = (
			);
			name = carousel;
			productName = carousel;
			productReference = C2132B0C39566E691FAA2BE7 /* carousel.app */;
			productType = "com.apple.product-type.application";
		};
/* End PBXNativeTarget section */

/* Begin PBXProject section */
		214DF01E72A977447EE71A60 /* Project object */ = {
			isa = PBXProject;
			attributes = {
				CLASSPREFIX = "";
				LastUpgradeCheck = 0510;
				ORGANIZATIONNAME = donokuda;
			};
			buildConfigurationList = 3C9F8428253EE5D7EB5F7727 /* Build configuration list for PBXProject "carousel" */;
			compatibilityVersion = "Xcode 3.2";
			developmentRegion = English;
			hasScannedForEncodings = 0;
			knownRegions = (
				en,
			);
			mainGroup = 43AF3F5DEDEEBC12B18962D6;
			productRefGroup = 89A462943FE725E080E56B60 /* Products */;
			projectDirPath = "";
			projectRoot = "";
			targets = (
				F19F364853BF7CC622DE7D70 /* carousel */,
				12AD4C2E2CCC299615714D4E /* UnitTests */,
			);
		};
/* End PBXProject section */

/* Begin PBXResourcesBuildPhase section */
		49C49D705776A433F2B9559A /* Resources */ = {
			isa = PBXResourcesBuildPhase;
			buildActionMask = 2147483647;
			files = (
			);
			runOnlyForDeploymentPostprocessing = 0;
		};
		E211E75712B670D0598BA772 /* Resources */ = {
			isa = PBXResourcesBuildPhase;
			buildActionMask = 2147483647;
			files = (
				B31772E3DB3B0A6E276EE1F1 /* Images.xcassets in Resources */,
			);
			runOnlyForDeploymentPostprocessing = 0;
		};
/* End PBXResourcesBuildPhase section */

/* Begin PBXShellScriptBuildPhase section */
		4837A5828FBA9D11DC112FC3 /* Warn for TODO and FIXME comments */ = {
			isa = PBXShellScriptBuildPhase;
			buildActionMask = 2147483647;
			files = (
			);
			inputPaths = (
			);
			name = "Warn for TODO and FIXME comments";
			outputPaths = (
			);
			runOnlyForDeploymentPostprocessing = 0;
			shellPath = /bin/sh;
			shellScript = "KEYWORDS=\"TODO:|FIXME:|\\?\\?\\?:|\\!\\!\\!:\"\nFILE_EXTENSIONS=\"h|m|mm|c|cpp\"\nfind -E \"${SRCROOT}\" -ipath \"${SRCROOT}/pods\" -prune -o \\( -regex \".*\\.($FILE_EXTENSIONS)$\" \\) -print0 | xargs -0 egrep --with-filename --line-number --only-matching \"($KEYWORDS).*\\$\" | perl -p -e \"s/($KEYWORDS)/ warning: \\$1/\"\n";
		};
/* End PBXShellScriptBuildPhase section */

/* Begin PBXSourcesBuildPhase section */
		3B5789649DB1BC8C283F05F0 /* Sources */ = {
			isa = PBXSourcesBuildPhase;
			buildActionMask = 2147483647;
			files = (
			);
			runOnlyForDeploymentPostprocessing = 0;
		};
		C28F95CBB2464767393A347F /* Sources */ = {
			isa = PBXSourcesBuildPhase;
			buildActionMask = 2147483647;
			files = (
				B0A4D5CE1A8DC1D8006D5DBF /* Common.swift in Sources */,
				E0DA4E98C971569E28D908D3 /* AppDelegate.swift in Sources */,
				1605D08206A2A8AA00AD8634 /* Main.storyboard in Sources */,
				822CA761C07A783B7E2B0694 /* LaunchScreen.xib in Sources */,
			);
			runOnlyForDeploymentPostprocessing = 0;
		};
/* End PBXSourcesBuildPhase section */

/* Begin PBXTargetDependency section */
		1BF315A742B5B2C88910AA1C /* PBXTargetDependency */ = {
			isa = PBXTargetDependency;
			target = F19F364853BF7CC622DE7D70 /* carousel */;
			targetProxy = FF9710DC12C64FECE1A942CB /* PBXContainerItemProxy */;
		};
/* End PBXTargetDependency section */

/* Begin XCBuildConfiguration section */
		1E06055B3FE3979A66E9D0D4 /* Debug */ = {
			isa = XCBuildConfiguration;
			buildSettings = {
				ALWAYS_SEARCH_USER_PATHS = NO;
				ASSETCATALOG_COMPILER_APPICON_NAME = AppIcon;
				CLANG_CXX_LANGUAGE_STANDARD = "gnu++0x";
				CLANG_CXX_LIBRARY = "libc++";
				CLANG_ENABLE_MODULES = YES;
				CLANG_ENABLE_OBJC_ARC = YES;
				CLANG_WARN_BOOL_CONVERSION = YES;
				CLANG_WARN_CONSTANT_CONVERSION = YES;
				CLANG_WARN_DEPRECATED_OBJC_IMPLEMENTATIONS = YES;
				CLANG_WARN_DIRECT_OBJC_ISA_USAGE = YES;
				CLANG_WARN_EMPTY_BODY = YES;
				CLANG_WARN_ENUM_CONVERSION = YES;
				CLANG_WARN_IMPLICIT_SIGN_CONVERSION = YES;
				CLANG_WARN_INT_CONVERSION = YES;
				CLANG_WARN_OBJC_IMPLICIT_RETAIN_SELF = YES;
				CLANG_WARN_OBJC_ROOT_CLASS = YES;
				CLANG_WARN_SUSPICIOUS_IMPLICIT_CONVERSION = YES;
				"CODE_SIGN_IDENTITY[sdk=iphoneos*]" = "iPhone Developer";
				COPY_PHASE_STRIP = YES;
				GCC_C_LANGUAGE_STANDARD = gnu99;
				GCC_DYNAMIC_NO_PIC = NO;
				GCC_OPTIMIZATION_LEVEL = 0;
				GCC_PREPROCESSOR_DEFINITIONS = (
					"DEBUG=1",
					"$(inherited)",
				);
				GCC_SYMBOLS_PRIVATE_EXTERN = NO;
				GCC_WARN_64_TO_32_BIT_CONVERSION = YES;
				GCC_WARN_ABOUT_DEPRECATED_FUNCTIONS = YES;
				GCC_WARN_ABOUT_MISSING_FIELD_INITIALIZERS = YES;
				GCC_WARN_ABOUT_MISSING_NEWLINE = YES;
				GCC_WARN_ABOUT_RETURN_TYPE = YES;
				GCC_WARN_CHECK_SWITCH_STATEMENTS = YES;
				GCC_WARN_INITIALIZER_NOT_FULLY_BRACKETED = YES;
				GCC_WARN_MISSING_PARENTHESES = YES;
				GCC_WARN_SHADOW = YES;
				GCC_WARN_SIGN_COMPARE = YES;
				GCC_WARN_TYPECHECK_CALLS_TO_PRINTF = YES;
				GCC_WARN_UNDECLARED_SELECTOR = YES;
				GCC_WARN_UNINITIALIZED_AUTOS = YES;
				GCC_WARN_UNUSED_FUNCTION = YES;
				GCC_WARN_UNUSED_LABEL = YES;
				GCC_WARN_UNUSED_VALUE = YES;
				GCC_WARN_UNUSED_VARIABLE = YES;
				IPHONEOS_DEPLOYMENT_TARGET = 8.0;
				ONLY_ACTIVE_ARCH = YES;
				RUN_CLANG_STATIC_ANALYZER = YES;
				SDKROOT = iphoneos;
			};
			name = Debug;
		};
		36B0CB795102B7A808A3BEE5 /* Release */ = {
			isa = XCBuildConfiguration;
			buildSettings = {
				BUNDLE_LOADER = "$(BUILT_PRODUCTS_DIR)/carousel.app/carousel";
				FRAMEWORK_SEARCH_PATHS = (
					"$(SDKROOT)/Developer/Library/Frameworks",
					"$(inherited)",
					"$(DEVELOPER_FRAMEWORKS_DIR)",
				);
				INFOPLIST_FILE = "UnitTests/Resources/UnitTests-Info.plist";
				PRODUCT_NAME = "$(TARGET_NAME)";
				SDKROOT = iphoneos;
				SKIP_INSTALL = YES;
				TEST_HOST = "$(BUNDLE_LOADER)";
				WRAPPER_EXTENSION = xctest;
			};
			name = Release;
		};
		DA28C9562E96EC610B19A6C6 /* Debug */ = {
			isa = XCBuildConfiguration;
			buildSettings = {
				BUNDLE_LOADER = "$(BUILT_PRODUCTS_DIR)/carousel.app/carousel";
				FRAMEWORK_SEARCH_PATHS = (
					"$(SDKROOT)/Developer/Library/Frameworks",
					"$(inherited)",
					"$(DEVELOPER_FRAMEWORKS_DIR)",
				);
				INFOPLIST_FILE = "UnitTests/Resources/UnitTests-Info.plist";
				PRODUCT_NAME = "$(TARGET_NAME)";
				SDKROOT = iphoneos;
				SKIP_INSTALL = YES;
				TEST_HOST = "$(BUNDLE_LOADER)";
				WRAPPER_EXTENSION = xctest;
			};
			name = Debug;
		};
		E1F1E63A17EED3F69DBEA734 /* Release */ = {
			isa = XCBuildConfiguration;
			buildSettings = {
				ALWAYS_SEARCH_USER_PATHS = NO;
				ASSETCATALOG_COMPILER_APPICON_NAME = AppIcon;
				CLANG_CXX_LANGUAGE_STANDARD = "gnu++0x";
				CLANG_CXX_LIBRARY = "libc++";
				CLANG_ENABLE_MODULES = YES;
				CLANG_ENABLE_OBJC_ARC = YES;
				CLANG_WARN_BOOL_CONVERSION = YES;
				CLANG_WARN_CONSTANT_CONVERSION = YES;
				CLANG_WARN_DEPRECATED_OBJC_IMPLEMENTATIONS = YES;
				CLANG_WARN_DIRECT_OBJC_ISA_USAGE = YES;
				CLANG_WARN_EMPTY_BODY = YES;
				CLANG_WARN_ENUM_CONVERSION = YES;
				CLANG_WARN_IMPLICIT_SIGN_CONVERSION = YES;
				CLANG_WARN_INT_CONVERSION = YES;
				CLANG_WARN_OBJC_IMPLICIT_RETAIN_SELF = YES;
				CLANG_WARN_OBJC_ROOT_CLASS = YES;
				CLANG_WARN_SUSPICIOUS_IMPLICIT_CONVERSION = YES;
				"CODE_SIGN_IDENTITY[sdk=iphoneos*]" = "iPhone Developer";
				COPY_PHASE_STRIP = NO;
				ENABLE_NS_ASSERTIONS = NO;
				GCC_C_LANGUAGE_STANDARD = gnu99;
				GCC_WARN_64_TO_32_BIT_CONVERSION = YES;
				GCC_WARN_ABOUT_DEPRECATED_FUNCTIONS = YES;
				GCC_WARN_ABOUT_MISSING_FIELD_INITIALIZERS = YES;
				GCC_WARN_ABOUT_MISSING_NEWLINE = YES;
				GCC_WARN_ABOUT_RETURN_TYPE = YES;
				GCC_WARN_CHECK_SWITCH_STATEMENTS = YES;
				GCC_WARN_INITIALIZER_NOT_FULLY_BRACKETED = YES;
				GCC_WARN_MISSING_PARENTHESES = YES;
				GCC_WARN_SHADOW = YES;
				GCC_WARN_SIGN_COMPARE = YES;
				GCC_WARN_TYPECHECK_CALLS_TO_PRINTF = YES;
				GCC_WARN_UNDECLARED_SELECTOR = YES;
				GCC_WARN_UNINITIALIZED_AUTOS = YES;
				GCC_WARN_UNUSED_FUNCTION = YES;
				GCC_WARN_UNUSED_LABEL = YES;
				GCC_WARN_UNUSED_VALUE = YES;
				GCC_WARN_UNUSED_VARIABLE = YES;
				IPHONEOS_DEPLOYMENT_TARGET = 8.0;
				RUN_CLANG_STATIC_ANALYZER = YES;
				SDKROOT = iphoneos;
				VALIDATE_PRODUCT = YES;
			};
			name = Release;
		};
		F5275F932DDF1151E73A64EC /* Debug */ = {
			isa = XCBuildConfiguration;
			buildSettings = {
				ALWAYS_SEARCH_USER_PATHS = NO;
				COPY_PHASE_STRIP = NO;
				DSTROOT = /tmp/xcodeproj.dst;
				GCC_DYNAMIC_NO_PIC = NO;
				GCC_OPTIMIZATION_LEVEL = 0;
				GCC_PRECOMPILE_PREFIX_HEADER = YES;
				GCC_PREPROCESSOR_DEFINITIONS = (
					"DEBUG=1",
					"$(inherited)",
				);
				GCC_SYMBOLS_PRIVATE_EXTERN = NO;
				INFOPLIST_FILE = "carousel/Resources/Other-Sources/Info.plist";
				INSTALL_PATH = "$(BUILT_PRODUCTS_DIR)";
				LD_RUNPATH_SEARCH_PATHS = "$(inherited) @executable_path/Frameworks";
				PRODUCT_NAME = "$(TARGET_NAME)";
				PUBLIC_HEADERS_FOLDER_PATH = "$(TARGET_NAME)";
				SDKROOT = iphoneos;
			};
			name = Debug;
		};
		F57C33E0799EB78355D2CB2A /* Release */ = {
			isa = XCBuildConfiguration;
			buildSettings = {
				ALWAYS_SEARCH_USER_PATHS = NO;
				COPY_PHASE_STRIP = YES;
				DSTROOT = /tmp/xcodeproj.dst;
				GCC_PRECOMPILE_PREFIX_HEADER = YES;
				GCC_TREAT_WARNINGS_AS_ERRORS = YES;
				INFOPLIST_FILE = "carousel/Resources/Other-Sources/Info.plist";
				INSTALL_PATH = "$(BUILT_PRODUCTS_DIR)";
				LD_RUNPATH_SEARCH_PATHS = "$(inherited) @executable_path/Frameworks";
				OTHER_CFLAGS = (
					"-DNS_BLOCK_ASSERTIONS=1",
					"$(inherited)",
				);
				OTHER_CPLUSPLUSFLAGS = (
					"-DNS_BLOCK_ASSERTIONS=1",
					"$(inherited)",
				);
				PRODUCT_NAME = "$(TARGET_NAME)";
				PUBLIC_HEADERS_FOLDER_PATH = "$(TARGET_NAME)";
				SDKROOT = iphoneos;
				VALIDATE_PRODUCT = YES;
			};
			name = Release;
		};
/* End XCBuildConfiguration section */

/* Begin XCConfigurationList section */
		0ECEA453DC94A3CBB1C1E0D3 /* Build configuration list for PBXNativeTarget "UnitTests" */ = {
			isa = XCConfigurationList;
			buildConfigurations = (
				36B0CB795102B7A808A3BEE5 /* Release */,
				DA28C9562E96EC610B19A6C6 /* Debug */,
			);
			defaultConfigurationIsVisible = 0;
			defaultConfigurationName = Release;
		};
		3C9F8428253EE5D7EB5F7727 /* Build configuration list for PBXProject "carousel" */ = {
			isa = XCConfigurationList;
			buildConfigurations = (
				1E06055B3FE3979A66E9D0D4 /* Debug */,
				E1F1E63A17EED3F69DBEA734 /* Release */,
			);
			defaultConfigurationIsVisible = 0;
			defaultConfigurationName = Release;
		};
		70E48BC8063C97E052937159 /* Build configuration list for PBXNativeTarget "carousel" */ = {
			isa = XCConfigurationList;
			buildConfigurations = (
				F57C33E0799EB78355D2CB2A /* Release */,
				F5275F932DDF1151E73A64EC /* Debug */,
			);
			defaultConfigurationIsVisible = 0;
			defaultConfigurationName = Release;
		};
/* End XCConfigurationList section */
	};
	rootObject = 214DF01E72A977447EE71A60 /* Project object */;
}
